
Microsoft Visual Studio Solution File, Format Version 12.00
# Visual Studio Version 17
VisualStudioVersion = 17.0.31912.275
MinimumVisualStudioVersion = 10.0.40219.1
Project("{FAE04EC0-301F-11D3-BF4B-00C04F79EFBC}") = "ETicaret", "ETicaret\ETicaret.csproj", "{D33A18E1-EEE2-4CFE-BB9D-F98AB2866A49}"
EndProject
Global
	GlobalSection(SolutionConfigurationPlatforms) = preSolution
		Debug|Any CPU = Debug|Any CPU
		Release|Any CPU = Release|Any CPU
	EndGlobalSection
	GlobalSection(ProjectConfigurationPlatforms) = postSolution
		{D33A18E1-EEE2-4CFE-BB9D-F98AB2866A49}.Debug|Any CPU.ActiveCfg = Debug|Any CPU
		{D33A18E1-EEE2-4CFE-BB9D-F98AB2866A49}.Debug|Any CPU.Build.0 = Debug|Any CPU
		{D33A18E1-EEE2-4CFE-BB9D-F98AB2866A49}.Release|Any CPU.ActiveCfg = Release|Any CPU
		{D33A18E1-EEE2-4CFE-BB9D-F98AB2866A49}.Release|Any CPU.Build.0 = Release|Any CPU
	EndGlobalSection
	GlobalSection(SolutionProperties) = preSolution
		HideSolutionNode = FALSE
	EndGlobalSection
	GlobalSection(ExtensibilityGlobals) = postSolution
		SolutionGuid = {2ECEBE17-0F10-437B-A6D2-F4F56D10A1ED}
	EndGlobalSection
EndGlobal
